
Microsoft Visual Studio Solution File, Format Version 12.00
# Visual Studio Version 16
VisualStudioVersion = 16.0.30114.105
MinimumVisualStudioVersion = 10.0.40219.1
Project("{FAE04EC0-301F-11D3-BF4B-00C04F79EFBC}") = "ATM", "src\ATM\ATM.csproj", "{35091F1F-E897-484B-90B2-008C4522AE91}"
EndProject
Project("{FAE04EC0-301F-11D3-BF4B-00C04F79EFBC}") = "ATM.Tests", "tests\ATM.Tests\ATM.Tests.csproj", "{E9D26A6C-DFB7-4DB5-AD57-8B3066C7F803}"
EndProject
Global
	GlobalSection(SolutionConfigurationPlatforms) = preSolution
		Debug|Any CPU = Debug|Any CPU
		Release|Any CPU = Release|Any CPU
	EndGlobalSection
	GlobalSection(ProjectConfigurationPlatforms) = postSolution
		{35091F1F-E897-484B-90B2-008C4522AE91}.Debug|Any CPU.ActiveCfg = Debug|Any CPU
		{35091F1F-E897-484B-90B2-008C4522AE91}.Debug|Any CPU.Build.0 = Debug|Any CPU
		{35091F1F-E897-484B-90B2-008C4522AE91}.Release|Any CPU.ActiveCfg = Release|Any CPU
		{35091F1F-E897-484B-90B2-008C4522AE91}.Release|Any CPU.Build.0 = Release|Any CPU
		{E9D26A6C-DFB7-4DB5-AD57-8B3066C7F803}.Debug|Any CPU.ActiveCfg = Debug|Any CPU
		{E9D26A6C-DFB7-4DB5-AD57-8B3066C7F803}.Debug|Any CPU.Build.0 = Debug|Any CPU
		{E9D26A6C-DFB7-4DB5-AD57-8B3066C7F803}.Release|Any CPU.ActiveCfg = Release|Any CPU
		{E9D26A6C-DFB7-4DB5-AD57-8B3066C7F803}.Release|Any CPU.Build.0 = Release|Any CPU
	EndGlobalSection
	GlobalSection(SolutionProperties) = preSolution
		HideSolutionNode = FALSE
	EndGlobalSection
	GlobalSection(ExtensibilityGlobals) = postSolution
		SolutionGuid = {AB477611-99AD-468E-87A7-88671DEE9D02}
	EndGlobalSection
EndGlobal
